
Microsoft Visual Studio Solution File, Format Version 12.00
# Visual Studio Version 16
VisualStudioVersion = 16.0.32510.428
MinimumVisualStudioVersion = 10.0.40219.1
Project("{9A19103F-16F7-4668-BE54-9A1E7A4F7556}") = "Server_Application", "Server_Application\Server_Application.csproj", "{229D882B-73E8-495D-9185-FA250838E138}"
EndProject
Project("{8BC9CEB8-8B4A-11D0-8D11-00A0C91BC942}") = "Client_Application", "Client_Application\Client_Application.vcxproj", "{0131E6C6-BF1A-4559-B21E-F5CC03FEB7B3}"
EndProject
Project("{FAE04EC0-301F-11D3-BF4B-00C04F79EFBC}") = "Client_Application_CS", "Client_Application_CS\Client_Application_CS.csproj", "{DA80EDF8-475B-4601-86AF-08EBB8598ED2}"
EndProject
Global
	GlobalSection(SolutionConfigurationPlatforms) = preSolution
		Debug|Any CPU = Debug|Any CPU
		Debug|x64 = Debug|x64
		Debug|x86 = Debug|x86
		Release|Any CPU = Release|Any CPU
		Release|x64 = Release|x64
		Release|x86 = Release|x86
	EndGlobalSection
	GlobalSection(ProjectConfigurationPlatforms) = postSolution
		{229D882B-73E8-495D-9185-FA250838E138}.Debug|Any CPU.ActiveCfg = Debug|Any CPU
		{229D882B-73E8-495D-9185-FA250838E138}.Debug|Any CPU.Build.0 = Debug|Any CPU
		{229D882B-73E8-495D-9185-FA250838E138}.Debug|x64.ActiveCfg = Debug|Any CPU
		{229D882B-73E8-495D-9185-FA250838E138}.Debug|x64.Build.0 = Debug|Any CPU
		{229D882B-73E8-495D-9185-FA250838E138}.Debug|x86.ActiveCfg = Debug|Any CPU
		{229D882B-73E8-495D-9185-FA250838E138}.Debug|x86.Build.0 = Debug|Any CPU
		{229D882B-73E8-495D-9185-FA250838E138}.Release|Any CPU.ActiveCfg = Release|Any CPU
		{229D882B-73E8-495D-9185-FA250838E138}.Release|Any CPU.Build.0 = Release|Any CPU
		{229D882B-73E8-495D-9185-FA250838E138}.Release|x64.ActiveCfg = Release|Any CPU
		{229D882B-73E8-495D-9185-FA250838E138}.Release|x64.Build.0 = Release|Any CPU
		{229D882B-73E8-495D-9185-FA250838E138}.Release|x86.ActiveCfg = Release|Any CPU
		{229D882B-73E8-495D-9185-FA250838E138}.Release|x86.Build.0 = Release|Any CPU
		{0131E6C6-BF1A-4559-B21E-F5CC03FEB7B3}.Debug|Any CPU.ActiveCfg = Debug|Win32
		{0131E6C6-BF1A-4559-B21E-F5CC03FEB7B3}.Debug|x64.ActiveCfg = Debug|x64
		{0131E6C6-BF1A-4559-B21E-F5CC03FEB7B3}.Debug|x64.Build.0 = Debug|x64
		{0131E6C6-BF1A-4559-B21E-F5CC03FEB7B3}.Debug|x86.ActiveCfg = Debug|Win32
		{0131E6C6-BF1A-4559-B21E-F5CC03FEB7B3}.Debug|x86.Build.0 = Debug|Win32
		{0131E6C6-BF1A-4559-B21E-F5CC03FEB7B3}.Release|Any CPU.ActiveCfg = Release|Win32
		{0131E6C6-BF1A-4559-B21E-F5CC03FEB7B3}.Release|x64.ActiveCfg = Release|x64
		{0131E6C6-BF1A-4559-B21E-F5CC03FEB7B3}.Release|x64.Build.0 = Release|x64
		{0131E6C6-BF1A-4559-B21E-F5CC03FEB7B3}.Release|x86.ActiveCfg = Release|Win32
		{0131E6C6-BF1A-4559-B21E-F5CC03FEB7B3}.Release|x86.Build.0 = Release|Win32
		{DA80EDF8-475B-4601-86AF-08EBB8598ED2}.Debug|Any CPU.ActiveCfg = Debug|Any CPU
		{DA80EDF8-475B-4601-86AF-08EBB8598ED2}.Debug|Any CPU.Build.0 = Debug|Any CPU
		{DA80EDF8-475B-4601-86AF-08EBB8598ED2}.Debug|x64.ActiveCfg = Debug|Any CPU
		{DA80EDF8-475B-4601-86AF-08EBB8598ED2}.Debug|x64.Build.0 = Debug|Any CPU
		{DA80EDF8-475B-4601-86AF-08EBB8598ED2}.Debug|x86.ActiveCfg = Debug|Any CPU
		{DA80EDF8-475B-4601-86AF-08EBB8598ED2}.Debug|x86.Build.0 = Debug|Any CPU
		{DA80EDF8-475B-4601-86AF-08EBB8598ED2}.Release|Any CPU.ActiveCfg = Release|Any CPU
		{DA80EDF8-475B-4601-86AF-08EBB8598ED2}.Release|Any CPU.Build.0 = Release|Any CPU
		{DA80EDF8-475B-4601-86AF-08EBB8598ED2}.Release|x64.ActiveCfg = Release|Any CPU
		{DA80EDF8-475B-4601-86AF-08EBB8598ED2}.Release|x64.Build.0 = Release|Any CPU
		{DA80EDF8-475B-4601-86AF-08EBB8598ED2}.Release|x86.ActiveCfg = Release|Any CPU
		{DA80EDF8-475B-4601-86AF-08EBB8598ED2}.Release|x86.Build.0 = Release|Any CPU
	EndGlobalSection
	GlobalSection(SolutionProperties) = preSolution
		HideSolutionNode = FALSE
	EndGlobalSection
	GlobalSection(ExtensibilityGlobals) = postSolution
		SolutionGuid = {46B46929-44BF-40EE-8A21-8187871BE6B8}
	EndGlobalSection
EndGlobal
